{
    "name": "stringsplitter",
    "version": "0.0.1",
    "lockfileVersion": 1,
    "requires": true,
    "dependencies": {
        "@types/node": {
            "version": "12.12.70",
            "resolved": "https://registry.npmjs.org/@types/node/-/node-12.12.70.tgz",
            "integrity": "sha512-i5y7HTbvhonZQE+GnUM2rz1Bi8QkzxdQmEv1LKOv4nWyaQk/gdeiTApuQR3PDJHX7WomAbpx2wlWSEpxXGZ/UQ==",
            "dev": true
        },
        "@types/switch-scripting": {
            "version": "https://github.com/enfocus-switch/types-switch-scripting/archive/1.0.1.tar.gz",
            "integrity": "sha512-AW3PMiv5r10O+lh42exZhhdbzqe66NRTLx1D0xRWECX6CFEhMJxVJ/3BS0VwNFjzARTl70iQH9zjsNQ/0fHbNQ==",
            "dev": true
        }
    }
}
